{
  "version": 4,
  "terraform_version": "1.4.6",
  "serial": 28,
  "lineage": "413e3452-5ce7-4a8d-67bc-6498e6b19500",
  "outputs": {},
  "resources": [
    {
      "mode": "data",
      "type": "google_project",
      "name": "project",
      "provider": "provider[\"registry.terraform.io/hashicorp/google\"]",
      "instances": [
        {
          "schema_version": 0,
          "attributes": {
            "auto_create_network": null,
            "billing_account": "016658-E4B931-E1F261",
            "folder_id": null,
            "id": "projects/rising-sector-360922",
            "labels": {},
            "name": "My Project 37455",
            "number": "950322501036",
            "org_id": null,
            "project_id": "rising-sector-360922",
            "skip_delete": null
          },
          "sensitive_attributes": []
        }
      ]
    },
    {
      "mode": "data",
      "type": "google_storage_project_service_account",
      "name": "gcs_account",
      "provider": "provider[\"registry.terraform.io/hashicorp/google\"]",
      "instances": [
        {
          "schema_version": 0,
          "attributes": {
            "email_address": "service-950322501036@gs-project-accounts.iam.gserviceaccount.com",
            "id": "service-950322501036@gs-project-accounts.iam.gserviceaccount.com",
            "member": "serviceAccount:service-950322501036@gs-project-accounts.iam.gserviceaccount.com",
            "project": "rising-sector-360922",
            "user_project": null
          },
          "sensitive_attributes": []
        }
      ]
    },
    {
      "mode": "managed",
      "type": "google_cloud_run_v2_service",
      "name": "budget",
      "provider": "provider[\"registry.terraform.io/hashicorp/google\"]",
      "instances": [
        {
          "schema_version": 0,
          "attributes": {
            "annotations": {},
            "binary_authorization": [],
            "client": "",
            "client_version": "",
            "conditions": [
              {
                "execution_reason": "",
                "last_transition_time": "2023-06-18T03:34:31.670554Z",
                "message": "",
                "reason": "",
                "revision_reason": "",
                "severity": "",
                "state": "CONDITION_SUCCEEDED",
                "type": "RoutesReady"
              },
              {
                "execution_reason": "",
                "last_transition_time": "2023-06-18T03:34:17.848204Z",
                "message": "",
                "reason": "",
                "revision_reason": "",
                "severity": "",
                "state": "CONDITION_SUCCEEDED",
                "type": "ConfigurationsReady"
              }
            ],
            "description": "",
            "etag": "\"CLn2uaQGEJDO9_wB/cHJvamVjdHMvcmlzaW5nLXNlY3Rvci0zNjA5MjIvbG9jYXRpb25zL3VzLWNlbnRyYWwxL3NlcnZpY2VzL2J1ZGdldC1jYXRlZ29yaXNl\"",
            "generation": "8",
            "id": "projects/rising-sector-360922/locations/us-central1/services/budget-categorise",
            "ingress": "INGRESS_TRAFFIC_INTERNAL_ONLY",
            "labels": {},
            "latest_created_revision": "projects/rising-sector-360922/locations/us-central1/services/budget-categorise/revisions/budget-categorise-00008-pxz",
            "latest_ready_revision": "projects/rising-sector-360922/locations/us-central1/services/budget-categorise/revisions/budget-categorise-00008-pxz",
            "launch_stage": "GA",
            "location": "us-central1",
            "name": "budget-categorise",
            "observed_generation": "8",
            "project": "rising-sector-360922",
            "reconciling": false,
            "template": [
              {
                "annotations": {},
                "containers": [
                  {
                    "args": [],
                    "command": [],
                    "env": [
                      {
                        "name": "project_id",
                        "value": "rising-sector-360922",
                        "value_source": []
                      },
                      {
                        "name": "bq_dataset",
                        "value": "budgeting",
                        "value_source": []
                      },
                      {
                        "name": "bq_table",
                        "value": "budgeting_copy",
                        "value_source": []
                      }
                    ],
                    "image": "us-central1-docker.pkg.dev/rising-sector-360922/budget-artifact-registry/category-assigner:0.4",
                    "liveness_probe": [],
                    "name": "",
                    "ports": [
                      {
                        "container_port": 8080,
                        "name": "http1"
                      }
                    ],
                    "resources": [
                      {
                        "cpu_idle": true,
                        "limits": {
                          "cpu": "1000m",
                          "memory": "512Mi"
                        },
                        "startup_cpu_boost": false
                      }
                    ],
                    "startup_probe": [
                      {
                        "failure_threshold": 1,
                        "grpc": [],
                        "http_get": [],
                        "initial_delay_seconds": 0,
                        "period_seconds": 240,
                        "tcp_socket": [
                          {
                            "port": 8080
                          }
                        ],
                        "timeout_seconds": 240
                      }
                    ],
                    "volume_mounts": [],
                    "working_dir": ""
                  }
                ],
                "encryption_key": "",
                "execution_environment": "",
                "labels": {},
                "max_instance_request_concurrency": 80,
                "revision": "",
                "scaling": [
                  {
                    "max_instance_count": 1,
                    "min_instance_count": 0
                  }
                ],
                "service_account": "950322501036-compute@developer.gserviceaccount.com",
                "session_affinity": false,
                "timeout": "300s",
                "volumes": [],
                "vpc_access": []
              }
            ],
            "terminal_condition": [
              {
                "execution_reason": "",
                "last_transition_time": "2023-06-18T03:34:31.061087Z",
                "message": "",
                "reason": "",
                "revision_reason": "",
                "severity": "",
                "state": "CONDITION_SUCCEEDED",
                "type": "Ready"
              }
            ],
            "timeouts": null,
            "traffic": [
              {
                "percent": 100,
                "revision": "",
                "tag": "",
                "type": "TRAFFIC_TARGET_ALLOCATION_TYPE_LATEST"
              }
            ],
            "traffic_statuses": [
              {
                "percent": 100,
                "revision": "",
                "tag": "",
                "type": "TRAFFIC_TARGET_ALLOCATION_TYPE_LATEST",
                "uri": ""
              }
            ],
            "uid": "8c3b1843-079e-4833-9024-1febce542c59",
            "uri": "https://budget-categorise-r3lfqighnq-uc.a.run.app"
          },
          "sensitive_attributes": [],
          "private": "eyJlMmJmYjczMC1lY2FhLTExZTYtOGY4OC0zNDM2M2JjN2M0YzAiOnsiY3JlYXRlIjoxMjAwMDAwMDAwMDAwLCJkZWxldGUiOjEyMDAwMDAwMDAwMDAsInVwZGF0ZSI6MTIwMDAwMDAwMDAwMH19"
        }
      ]
    },
    {
      "mode": "managed",
      "type": "google_eventarc_trigger",
      "name": "trigger_bucket",
      "provider": "provider[\"registry.terraform.io/hashicorp/google\"]",
      "instances": [
        {
          "schema_version": 0,
          "attributes": {
            "channel": "",
            "conditions": {},
            "create_time": "2023-06-16T22:35:47.402995705Z",
            "destination": [
              {
                "cloud_function": "",
                "cloud_run_service": [
                  {
                    "path": "/",
                    "region": "us-central1",
                    "service": "budget-categorise"
                  }
                ],
                "gke": [],
                "workflow": ""
              }
            ],
            "etag": "",
            "id": "projects/rising-sector-360922/locations/us-central1/triggers/trigger-bucket",
            "labels": {},
            "location": "us-central1",
            "matching_criteria": [
              {
                "attribute": "bucket",
                "operator": "",
                "value": "budget-data"
              },
              {
                "attribute": "type",
                "operator": "",
                "value": "google.cloud.storage.object.v1.finalized"
              }
            ],
            "name": "trigger-bucket",
            "project": "rising-sector-360922",
            "service_account": "950322501036-compute@developer.gserviceaccount.com",
            "timeouts": null,
            "transport": [
              {
                "pubsub": [
                  {
                    "subscription": "projects/rising-sector-360922/subscriptions/eventarc-us-central1-trigger-bucket-sub-688",
                    "topic": "projects/rising-sector-360922/topics/eventarc-us-central1-trigger-bucket-585"
                  }
                ]
              }
            ],
            "uid": "43adcbe1-5746-4de2-8962-dbff75f9b490",
            "update_time": "2023-06-16T22:40:57.223518392Z"
          },
          "sensitive_attributes": [],
          "private": "eyJlMmJmYjczMC1lY2FhLTExZTYtOGY4OC0zNDM2M2JjN2M0YzAiOnsiY3JlYXRlIjoxMjAwMDAwMDAwMDAwLCJkZWxldGUiOjEyMDAwMDAwMDAwMDAsInVwZGF0ZSI6MTIwMDAwMDAwMDAwMH19",
          "dependencies": [
            "data.google_project.project",
            "data.google_storage_project_service_account.gcs_account",
            "google_cloud_run_v2_service.budget",
            "google_project_iam_member.gcs_pubsub_member",
            "google_storage_bucket.budget_data_bucket"
          ]
        }
      ]
    },
    {
      "mode": "managed",
      "type": "google_project_iam_member",
      "name": "gcs_pubsub_member",
      "provider": "provider[\"registry.terraform.io/hashicorp/google\"]",
      "instances": [
        {
          "schema_version": 0,
          "attributes": {
            "condition": [],
            "etag": "BwX+Rs3lo3M=",
            "id": "rising-sector-360922/roles/pubsub.publisher/serviceAccount:service-950322501036@gs-project-accounts.iam.gserviceaccount.com",
            "member": "serviceAccount:service-950322501036@gs-project-accounts.iam.gserviceaccount.com",
            "project": "rising-sector-360922",
            "role": "roles/pubsub.publisher"
          },
          "sensitive_attributes": [],
          "private": "bnVsbA==",
          "dependencies": [
            "data.google_storage_project_service_account.gcs_account"
          ]
        }
      ]
    },
    {
      "mode": "managed",
      "type": "google_storage_bucket",
      "name": "budget_data_bucket",
      "provider": "provider[\"registry.terraform.io/hashicorp/google\"]",
      "instances": [
        {
          "schema_version": 0,
          "attributes": {
            "autoclass": [],
            "cors": [],
            "custom_placement_config": [],
            "default_event_based_hold": false,
            "encryption": [],
            "force_destroy": false,
            "id": "budget-data",
            "labels": {},
            "lifecycle_rule": [],
            "location": "US-CENTRAL1",
            "logging": [],
            "name": "budget-data",
            "project": "rising-sector-360922",
            "public_access_prevention": "enforced",
            "requester_pays": false,
            "retention_policy": [],
            "self_link": "https://www.googleapis.com/storage/v1/b/budget-data",
            "storage_class": "STANDARD",
            "timeouts": null,
            "uniform_bucket_level_access": false,
            "url": "gs://budget-data",
            "versioning": [],
            "website": []
          },
          "sensitive_attributes": [],
          "private": "eyJlMmJmYjczMC1lY2FhLTExZTYtOGY4OC0zNDM2M2JjN2M0YzAiOnsiY3JlYXRlIjo2MDAwMDAwMDAwMDAsInJlYWQiOjI0MDAwMDAwMDAwMCwidXBkYXRlIjoyNDAwMDAwMDAwMDB9fQ=="
        }
      ]
    }
  ],
  "check_results": null
}
